
Microsoft Visual Studio Solution File, Format Version 12.00
# Visual Studio 14
VisualStudioVersion = 14.0.25420.1
MinimumVisualStudioVersion = 10.0.40219.1
Project("{FAE04EC0-301F-11D3-BF4B-00C04F79EFBC}") = "StartWindow", "StartWindow\StartWindow.csproj", "{7C6BA53E-34F6-4017-BFC1-29AC6CEE73E4}"
EndProject
Project("{FAE04EC0-301F-11D3-BF4B-00C04F79EFBC}") = "MinimumProjects", "MinimumProjects\MinimumProjects.csproj", "{C76BF135-7613-4CA3-93AC-18795CD92C91}"
EndProject
Project("{FAE04EC0-301F-11D3-BF4B-00C04F79EFBC}") = "EssentialWpf", "EssentialWpf\EssentialWpf.csproj", "{735A64FE-65A1-486C-A0C7-4B5D28CE226F}"
EndProject
Global
	GlobalSection(SolutionConfigurationPlatforms) = preSolution
		Debug|Any CPU = Debug|Any CPU
		Release|Any CPU = Release|Any CPU
	EndGlobalSection
	GlobalSection(ProjectConfigurationPlatforms) = postSolution
		{7C6BA53E-34F6-4017-BFC1-29AC6CEE73E4}.Debug|Any CPU.ActiveCfg = Debug|Any CPU
		{7C6BA53E-34F6-4017-BFC1-29AC6CEE73E4}.Debug|Any CPU.Build.0 = Debug|Any CPU
		{7C6BA53E-34F6-4017-BFC1-29AC6CEE73E4}.Release|Any CPU.ActiveCfg = Release|Any CPU
		{7C6BA53E-34F6-4017-BFC1-29AC6CEE73E4}.Release|Any CPU.Build.0 = Release|Any CPU
		{C76BF135-7613-4CA3-93AC-18795CD92C91}.Debug|Any CPU.ActiveCfg = Debug|Any CPU
		{C76BF135-7613-4CA3-93AC-18795CD92C91}.Debug|Any CPU.Build.0 = Debug|Any CPU
		{C76BF135-7613-4CA3-93AC-18795CD92C91}.Release|Any CPU.ActiveCfg = Release|Any CPU
		{C76BF135-7613-4CA3-93AC-18795CD92C91}.Release|Any CPU.Build.0 = Release|Any CPU
		{735A64FE-65A1-486C-A0C7-4B5D28CE226F}.Debug|Any CPU.ActiveCfg = Debug|Any CPU
		{735A64FE-65A1-486C-A0C7-4B5D28CE226F}.Debug|Any CPU.Build.0 = Debug|Any CPU
		{735A64FE-65A1-486C-A0C7-4B5D28CE226F}.Release|Any CPU.ActiveCfg = Release|Any CPU
		{735A64FE-65A1-486C-A0C7-4B5D28CE226F}.Release|Any CPU.Build.0 = Release|Any CPU
	EndGlobalSection
	GlobalSection(SolutionProperties) = preSolution
		HideSolutionNode = FALSE
	EndGlobalSection
EndGlobal
